{
  "name": "fixture-npm-banned",
  "version": "1.0.0",
  "lockfileVersion": 3,
  "packages": {
    "": {
      "name": "fixture-npm-banned",
      "version": "1.0.0",
      "dependencies": {
        "@crowdstrike/commitlint": "8.1.1"
      }
    },
    "node_modules/@crowdstrike/commitlint": {
      "version": "8.1.1"
    }
  },
  "dependencies": {
    "@crowdstrike/commitlint": {
      "version": "8.1.1"
    }
  }
}
