{
  "name": "fixture-npm-critical-breach",
  "version": "1.0.0",
  "lockfileVersion": 3,
  "packages": {
    "": {
      "name": "fixture-npm-critical-breach",
      "version": "1.0.0",
      "dependencies": {
        "@accordproject/concerto-analysis": "3.24.1",
        "@accordproject/concerto-linter": "3.24.1",
        "@accordproject/concerto-metamodel": "3.12.5",
        "@actbase/native": "0.1.32",
        "@actbase/node-server": "1.1.19",
        "@actbase/react-absolute": "0.8.3",
        "@actbase/react-daum-postcode": "1.0.5",
        "@actbase/react-kakaosdk": "0.9.27",
        "@actbase/react-native-actionsheet": "1.0.3",
        "@actbase/react-native-devtools": "0.1.3"
      }
    },
    "node_modules/@accordproject/concerto-analysis": {
      "version": "3.24.1"
    },
    "node_modules/@accordproject/concerto-linter": {
      "version": "3.24.1"
    },
    "node_modules/@accordproject/concerto-metamodel": {
      "version": "3.12.5"
    },
    "node_modules/@actbase/native": {
      "version": "0.1.32"
    },
    "node_modules/@actbase/node-server": {
      "version": "1.1.19"
    },
    "node_modules/@actbase/react-absolute": {
      "version": "0.8.3"
    },
    "node_modules/@actbase/react-daum-postcode": {
      "version": "1.0.5"
    },
    "node_modules/@actbase/react-kakaosdk": {
      "version": "0.9.27"
    },
    "node_modules/@actbase/react-native-actionsheet": {
      "version": "1.0.3"
    },
    "node_modules/@actbase/react-native-devtools": {
      "version": "0.1.3"
    }
  }
}
